// !$*UTF8*$!
{
	archiveVersion = 1;
	classes = {
	};
	objectVersion = 56;
	objects = {

/* Begin PBXBuildFile section */
		C66D09DB2B768B00004504F6 /* CheckDetail.swift in Sources */ = {isa = PBXBuildFile; fileRef = C66D09DA2B768B00004504F6 /* CheckDetail.swift */; };
		C66FB42E2B7E8BF1006D7727 /* HomeView.swift in Sources */ = {isa = PBXBuildFile; fileRef = C66FB42D2B7E8BF1006D7727 /* HomeView.swift */; };
		C66FB4302B7EB45F006D7727 /* AppModel.swift in Sources */ = {isa = PBXBuildFile; fileRef = C66FB42F2B7EB45F006D7727 /* AppModel.swift */; };
		C674D8B52B78C4440064684B /* NeurologicalView.swift in Sources */ = {isa = PBXBuildFile; fileRef = C674D8B42B78C4440064684B /* NeurologicalView.swift */; };
		C674D8B72B78C4580064684B /* CoagulationView.swift in Sources */ = {isa = PBXBuildFile; fileRef = C674D8B62B78C4580064684B /* CoagulationView.swift */; };
		C682AAD32B765B190052BE35 /* SepsisCheckApp.swift in Sources */ = {isa = PBXBuildFile; fileRef = C682AAD22B765B190052BE35 /* SepsisCheckApp.swift */; };
		C682AAD92B765B1A0052BE35 /* Assets.xcassets in Resources */ = {isa = PBXBuildFile; fileRef = C682AAD82B765B1A0052BE35 /* Assets.xcassets */; };
		C682AADD2B765B1A0052BE35 /* Preview Assets.xcassets in Resources */ = {isa = PBXBuildFile; fileRef = C682AADC2B765B1A0052BE35 /* Preview Assets.xcassets */; };
		C682AAE72B765B1A0052BE35 /* SepsisCheckTests.swift in Sources */ = {isa = PBXBuildFile; fileRef = C682AAE62B765B1A0052BE35 /* SepsisCheckTests.swift */; };
		C682AAF12B765B1A0052BE35 /* SepsisCheckUITests.swift in Sources */ = {isa = PBXBuildFile; fileRef = C682AAF02B765B1A0052BE35 /* SepsisCheckUITests.swift */; };
		C682AAF32B765B1A0052BE35 /* SepsisCheckUITestsLaunchTests.swift in Sources */ = {isa = PBXBuildFile; fileRef = C682AAF22B765B1A0052BE35 /* SepsisCheckUITestsLaunchTests.swift */; };
		C682AB002B765B490052BE35 /* Check.swift in Sources */ = {isa = PBXBuildFile; fileRef = C682AAFF2B765B490052BE35 /* Check.swift */; };
		C682AB022B7688330052BE35 /* CheckThumbnail.swift in Sources */ = {isa = PBXBuildFile; fileRef = C682AB012B7688330052BE35 /* CheckThumbnail.swift */; };
		C6BF33832B77E7DC008E243B /* AgeBandView.swift in Sources */ = {isa = PBXBuildFile; fileRef = C6BF33822B77E7DC008E243B /* AgeBandView.swift */; };
		C6BF33852B77F646008E243B /* RespiratoryView.swift in Sources */ = {isa = PBXBuildFile; fileRef = C6BF33842B77F646008E243B /* RespiratoryView.swift */; };
		C6BF33872B781678008E243B /* CardiovascularView.swift in Sources */ = {isa = PBXBuildFile; fileRef = C6BF33862B781678008E243B /* CardiovascularView.swift */; };
		C6C4057C2B8130D7008D1149 /* CheckBarChart.swift in Sources */ = {isa = PBXBuildFile; fileRef = C6C4057B2B8130D7008D1149 /* CheckBarChart.swift */; };
/* End PBXBuildFile section */

/* Begin PBXContainerItemProxy section */
		C682AAE32B765B1A0052BE35 /* PBXContainerItemProxy */ = {
			isa = PBXContainerItemProxy;
			containerPortal = C682AAC72B765B190052BE35 /* Project object */;
			proxyType = 1;
			remoteGlobalIDString = C682AACE2B765B190052BE35;
			remoteInfo = SepsisCheck;
		};
		C682AAED2B765B1A0052BE35 /* PBXContainerItemProxy */ = {
			isa = PBXContainerItemProxy;
			containerPortal = C682AAC72B765B190052BE35 /* Project object */;
			proxyType = 1;
			remoteGlobalIDString = C682AACE2B765B190052BE35;
			remoteInfo = SepsisCheck;
		};
/* End PBXContainerItemProxy section */

/* Begin PBXFileReference section */
		C66D09DA2B768B00004504F6 /* CheckDetail.swift */ = {isa = PBXFileReference; lastKnownFileType = sourcecode.swift; path = CheckDetail.swift; sourceTree = "<group>"; };
		C66FB42D2B7E8BF1006D7727 /* HomeView.swift */ = {isa = PBXFileReference; lastKnownFileType = sourcecode.swift; path = HomeView.swift; sourceTree = "<group>"; };
		C66FB42F2B7EB45F006D7727 /* AppModel.swift */ = {isa = PBXFileReference; lastKnownFileType = sourcecode.swift; path = AppModel.swift; sourceTree = "<group>"; };
		C674D8B42B78C4440064684B /* NeurologicalView.swift */ = {isa = PBXFileReference; lastKnownFileType = sourcecode.swift; path = NeurologicalView.swift; sourceTree = "<group>"; };
		C674D8B62B78C4580064684B /* CoagulationView.swift */ = {isa = PBXFileReference; lastKnownFileType = sourcecode.swift; path = CoagulationView.swift; sourceTree = "<group>"; };
		C682AACF2B765B190052BE35 /* SepsisCheck.app */ = {isa = PBXFileReference; explicitFileType = wrapper.application; includeInIndex = 0; path = SepsisCheck.app; sourceTree = BUILT_PRODUCTS_DIR; };
		C682AAD22B765B190052BE35 /* SepsisCheckApp.swift */ = {isa = PBXFileReference; lastKnownFileType = sourcecode.swift; path = SepsisCheckApp.swift; sourceTree = "<group>"; };
		C682AAD82B765B1A0052BE35 /* Assets.xcassets */ = {isa = PBXFileReference; lastKnownFileType = folder.assetcatalog; path = Assets.xcassets; sourceTree = "<group>"; };
		C682AADA2B765B1A0052BE35 /* SepsisCheck.entitlements */ = {isa = PBXFileReference; lastKnownFileType = text.plist.entitlements; path = SepsisCheck.entitlements; sourceTree = "<group>"; };
		C682AADC2B765B1A0052BE35 /* Preview Assets.xcassets */ = {isa = PBXFileReference; lastKnownFileType = folder.assetcatalog; path = "Preview Assets.xcassets"; sourceTree = "<group>"; };
		C682AAE22B765B1A0052BE35 /* SepsisCheckTests.xctest */ = {isa = PBXFileReference; explicitFileType = wrapper.cfbundle; includeInIndex = 0; path = SepsisCheckTests.xctest; sourceTree = BUILT_PRODUCTS_DIR; };
		C682AAE62B765B1A0052BE35 /* SepsisCheckTests.swift */ = {isa = PBXFileReference; lastKnownFileType = sourcecode.swift; path = SepsisCheckTests.swift; sourceTree = "<group>"; };
		C682AAEC2B765B1A0052BE35 /* SepsisCheckUITests.xctest */ = {isa = PBXFileReference; explicitFileType = wrapper.cfbundle; includeInIndex = 0; path = SepsisCheckUITests.xctest; sourceTree = BUILT_PRODUCTS_DIR; };
		C682AAF02B765B1A0052BE35 /* SepsisCheckUITests.swift */ = {isa = PBXFileReference; lastKnownFileType = sourcecode.swift; path = SepsisCheckUITests.swift; sourceTree = "<group>"; };
		C682AAF22B765B1A0052BE35 /* SepsisCheckUITestsLaunchTests.swift */ = {isa = PBXFileReference; lastKnownFileType = sourcecode.swift; path = SepsisCheckUITestsLaunchTests.swift; sourceTree = "<group>"; };
		C682AAFF2B765B490052BE35 /* Check.swift */ = {isa = PBXFileReference; lastKnownFileType = sourcecode.swift; path = Check.swift; sourceTree = "<group>"; };
		C682AB012B7688330052BE35 /* CheckThumbnail.swift */ = {isa = PBXFileReference; lastKnownFileType = sourcecode.swift; path = CheckThumbnail.swift; sourceTree = "<group>"; };
		C6BF33822B77E7DC008E243B /* AgeBandView.swift */ = {isa = PBXFileReference; lastKnownFileType = sourcecode.swift; path = AgeBandView.swift; sourceTree = "<group>"; };
		C6BF33842B77F646008E243B /* RespiratoryView.swift */ = {isa = PBXFileReference; lastKnownFileType = sourcecode.swift; path = RespiratoryView.swift; sourceTree = "<group>"; };
		C6BF33862B781678008E243B /* CardiovascularView.swift */ = {isa = PBXFileReference; lastKnownFileType = sourcecode.swift; path = CardiovascularView.swift; sourceTree = "<group>"; };
		C6C4057B2B8130D7008D1149 /* CheckBarChart.swift */ = {isa = PBXFileReference; lastKnownFileType = sourcecode.swift; path = CheckBarChart.swift; sourceTree = "<group>"; };
/* End PBXFileReference section */

/* Begin PBXFrameworksBuildPhase section */
		C682AACC2B765B190052BE35 /* Frameworks */ = {
			isa = PBXFrameworksBuildPhase;
			buildActionMask = 2147483647;
			files = (
			);
			runOnlyForDeploymentPostprocessing = 0;
		};
		C682AADF2B765B1A0052BE35 /* Frameworks */ = {
			isa = PBXFrameworksBuildPhase;
			buildActionMask = 2147483647;
			files = (
			);
			runOnlyForDeploymentPostprocessing = 0;
		};
		C682AAE92B765B1A0052BE35 /* Frameworks */ = {
			isa = PBXFrameworksBuildPhase;
			buildActionMask = 2147483647;
			files = (
			);
			runOnlyForDeploymentPostprocessing = 0;
		};
/* End PBXFrameworksBuildPhase section */

/* Begin PBXGroup section */
		C682AAC62B765B190052BE35 = {
			isa = PBXGroup;
			children = (
				C682AAD12B765B190052BE35 /* SepsisCheck */,
				C682AAE52B765B1A0052BE35 /* SepsisCheckTests */,
				C682AAEF2B765B1A0052BE35 /* SepsisCheckUITests */,
				C682AAD02B765B190052BE35 /* Products */,
			);
			sourceTree = "<group>";
		};
		C682AAD02B765B190052BE35 /* Products */ = {
			isa = PBXGroup;
			children = (
				C682AACF2B765B190052BE35 /* SepsisCheck.app */,
				C682AAE22B765B1A0052BE35 /* SepsisCheckTests.xctest */,
				C682AAEC2B765B1A0052BE35 /* SepsisCheckUITests.xctest */,
			);
			name = Products;
			sourceTree = "<group>";
		};
		C682AAD12B765B190052BE35 /* SepsisCheck */ = {
			isa = PBXGroup;
			children = (
				C6BF33862B781678008E243B /* CardiovascularView.swift */,
				C674D8B62B78C4580064684B /* CoagulationView.swift */,
				C674D8B42B78C4440064684B /* NeurologicalView.swift */,
				C682AAD22B765B190052BE35 /* SepsisCheckApp.swift */,
				C66D09DA2B768B00004504F6 /* CheckDetail.swift */,
				C682AB012B7688330052BE35 /* CheckThumbnail.swift */,
				C682AAFF2B765B490052BE35 /* Check.swift */,
				C6BF33822B77E7DC008E243B /* AgeBandView.swift */,
				C6BF33842B77F646008E243B /* RespiratoryView.swift */,
				C66FB42D2B7E8BF1006D7727 /* HomeView.swift */,
				C66FB42F2B7EB45F006D7727 /* AppModel.swift */,
				C6C4057B2B8130D7008D1149 /* CheckBarChart.swift */,
				C682AAD82B765B1A0052BE35 /* Assets.xcassets */,
				C682AADA2B765B1A0052BE35 /* SepsisCheck.entitlements */,
				C682AADB2B765B1A0052BE35 /* Preview Content */,
			);
			path = SepsisCheck;
			sourceTree = "<group>";
		};
		C682AADB2B765B1A0052BE35 /* Preview Content */ = {
			isa = PBXGroup;
			children = (
				C682AADC2B765B1A0052BE35 /* Preview Assets.xcassets */,
			);
			path = "Preview Content";
			sourceTree = "<group>";
		};
		C682AAE52B765B1A0052BE35 /* SepsisCheckTests */ = {
			isa = PBXGroup;
			children = (
				C682AAE62B765B1A0052BE35 /* SepsisCheckTests.swift */,
			);
			path = SepsisCheckTests;
			sourceTree = "<group>";
		};
		C682AAEF2B765B1A0052BE35 /* SepsisCheckUITests */ = {
			isa = PBXGroup;
			children = (
				C682AAF02B765B1A0052BE35 /* SepsisCheckUITests.swift */,
				C682AAF22B765B1A0052BE35 /* SepsisCheckUITestsLaunchTests.swift */,
			);
			path = SepsisCheckUITests;
			sourceTree = "<group>";
		};
/* End PBXGroup section */

/* Begin PBXNativeTarget section */
		C682AACE2B765B190052BE35 /* SepsisCheck */ = {
			isa = PBXNativeTarget;
			buildConfigurationList = C682AAF62B765B1A0052BE35 /* Build configuration list for PBXNativeTarget "SepsisCheck" */;
			buildPhases = (
				C682AACB2B765B190052BE35 /* Sources */,
				C682AACC2B765B190052BE35 /* Frameworks */,
				C682AACD2B765B190052BE35 /* Resources */,
			);
			buildRules = (
			);
			dependencies = (
			);
			name = SepsisCheck;
			productName = SepsisCheck;
			productReference = C682AACF2B765B190052BE35 /* SepsisCheck.app */;
			productType = "com.apple.product-type.application";
		};
		C682AAE12B765B1A0052BE35 /* SepsisCheckTests */ = {
			isa = PBXNativeTarget;
			buildConfigurationList = C682AAF92B765B1A0052BE35 /* Build configuration list for PBXNativeTarget "SepsisCheckTests" */;
			buildPhases = (
				C682AADE2B765B1A0052BE35 /* Sources */,
				C682AADF2B765B1A0052BE35 /* Frameworks */,
				C682AAE02B765B1A0052BE35 /* Resources */,
			);
			buildRules = (
			);
			dependencies = (
				C682AAE42B765B1A0052BE35 /* PBXTargetDependency */,
			);
			name = SepsisCheckTests;
			productName = SepsisCheckTests;
			productReference = C682AAE22B765B1A0052BE35 /* SepsisCheckTests.xctest */;
			productType = "com.apple.product-type.bundle.unit-test";
		};
		C682AAEB2B765B1A0052BE35 /* SepsisCheckUITests */ = {
			isa = PBXNativeTarget;
			buildConfigurationList = C682AAFC2B765B1A0052BE35 /* Build configuration list for PBXNativeTarget "SepsisCheckUITests" */;
			buildPhases = (
				C682AAE82B765B1A0052BE35 /* Sources */,
				C682AAE92B765B1A0052BE35 /* Frameworks */,
				C682AAEA2B765B1A0052BE35 /* Resources */,
			);
			buildRules = (
			);
			dependencies = (
				C682AAEE2B765B1A0052BE35 /* PBXTargetDependency */,
			);
			name = SepsisCheckUITests;
			productName = SepsisCheckUITests;
			productReference = C682AAEC2B765B1A0052BE35 /* SepsisCheckUITests.xctest */;
			productType = "com.apple.product-type.bundle.ui-testing";
		};
/* End PBXNativeTarget section */

/* Begin PBXProject section */
		C682AAC72B765B190052BE35 /* Project object */ = {
			isa = PBXProject;
			attributes = {
				BuildIndependentTargetsInParallel = 1;
				LastSwiftUpdateCheck = 1520;
				LastUpgradeCheck = 1520;
				TargetAttributes = {
					C682AACE2B765B190052BE35 = {
						CreatedOnToolsVersion = 15.2;
					};
					C682AAE12B765B1A0052BE35 = {
						CreatedOnToolsVersion = 15.2;
						TestTargetID = C682AACE2B765B190052BE35;
					};
					C682AAEB2B765B1A0052BE35 = {
						CreatedOnToolsVersion = 15.2;
						TestTargetID = C682AACE2B765B190052BE35;
					};
				};
			};
			buildConfigurationList = C682AACA2B765B190052BE35 /* Build configuration list for PBXProject "SepsisCheck" */;
			compatibilityVersion = "Xcode 14.0";
			developmentRegion = en;
			hasScannedForEncodings = 0;
			knownRegions = (
				en,
				Base,
			);
			mainGroup = C682AAC62B765B190052BE35;
			productRefGroup = C682AAD02B765B190052BE35 /* Products */;
			projectDirPath = "";
			projectRoot = "";
			targets = (
				C682AACE2B765B190052BE35 /* SepsisCheck */,
				C682AAE12B765B1A0052BE35 /* SepsisCheckTests */,
				C682AAEB2B765B1A0052BE35 /* SepsisCheckUITests */,
			);
		};
/* End PBXProject section */

/* Begin PBXResourcesBuildPhase section */
		C682AACD2B765B190052BE35 /* Resources */ = {
			isa = PBXResourcesBuildPhase;
			buildActionMask = 2147483647;
			files = (
				C682AADD2B765B1A0052BE35 /* Preview Assets.xcassets in Resources */,
				C682AAD92B765B1A0052BE35 /* Assets.xcassets in Resources */,
			);
			runOnlyForDeploymentPostprocessing = 0;
		};
		C682AAE02B765B1A0052BE35 /* Resources */ = {
			isa = PBXResourcesBuildPhase;
			buildActionMask = 2147483647;
			files = (
			);
			runOnlyForDeploymentPostprocessing = 0;
		};
		C682AAEA2B765B1A0052BE35 /* Resources */ = {
			isa = PBXResourcesBuildPhase;
			buildActionMask = 2147483647;
			files = (
			);
			runOnlyForDeploymentPostprocessing = 0;
		};
/* End PBXResourcesBuildPhase section */

/* Begin PBXSourcesBuildPhase section */
		C682AACB2B765B190052BE35 /* Sources */ = {
			isa = PBXSourcesBuildPhase;
			buildActionMask = 2147483647;
			files = (
				C674D8B52B78C4440064684B /* NeurologicalView.swift in Sources */,
				C66D09DB2B768B00004504F6 /* CheckDetail.swift in Sources */,
				C6BF33872B781678008E243B /* CardiovascularView.swift in Sources */,
				C66FB4302B7EB45F006D7727 /* AppModel.swift in Sources */,
				C682AB002B765B490052BE35 /* Check.swift in Sources */,
				C6BF33852B77F646008E243B /* RespiratoryView.swift in Sources */,
				C66FB42E2B7E8BF1006D7727 /* HomeView.swift in Sources */,
				C682AB022B7688330052BE35 /* CheckThumbnail.swift in Sources */,
				C674D8B72B78C4580064684B /* CoagulationView.swift in Sources */,
				C682AAD32B765B190052BE35 /* SepsisCheckApp.swift in Sources */,
				C6BF33832B77E7DC008E243B /* AgeBandView.swift in Sources */,
				C6C4057C2B8130D7008D1149 /* CheckBarChart.swift in Sources */,
			);
			runOnlyForDeploymentPostprocessing = 0;
		};
		C682AADE2B765B1A0052BE35 /* Sources */ = {
			isa = PBXSourcesBuildPhase;
			buildActionMask = 2147483647;
			files = (
				C682AAE72B765B1A0052BE35 /* SepsisCheckTests.swift in Sources */,
			);
			runOnlyForDeploymentPostprocessing = 0;
		};
		C682AAE82B765B1A0052BE35 /* Sources */ = {
			isa = PBXSourcesBuildPhase;
			buildActionMask = 2147483647;
			files = (
				C682AAF32B765B1A0052BE35 /* SepsisCheckUITestsLaunchTests.swift in Sources */,
				C682AAF12B765B1A0052BE35 /* SepsisCheckUITests.swift in Sources */,
			);
			runOnlyForDeploymentPostprocessing = 0;
		};
/* End PBXSourcesBuildPhase section */

/* Begin PBXTargetDependency section */
		C682AAE42B765B1A0052BE35 /* PBXTargetDependency */ = {
			isa = PBXTargetDependency;
			target = C682AACE2B765B190052BE35 /* SepsisCheck */;
			targetProxy = C682AAE32B765B1A0052BE35 /* PBXContainerItemProxy */;
		};
		C682AAEE2B765B1A0052BE35 /* PBXTargetDependency */ = {
			isa = PBXTargetDependency;
			target = C682AACE2B765B190052BE35 /* SepsisCheck */;
			targetProxy = C682AAED2B765B1A0052BE35 /* PBXContainerItemProxy */;
		};
/* End PBXTargetDependency section */

/* Begin XCBuildConfiguration section */
		C682AAF42B765B1A0052BE35 /* Debug */ = {
			isa = XCBuildConfiguration;
			buildSettings = {
				ALWAYS_SEARCH_USER_PATHS = NO;
				ASSETCATALOG_COMPILER_GENERATE_SWIFT_ASSET_SYMBOL_EXTENSIONS = YES;
				CLANG_ANALYZER_NONNULL = YES;
				CLANG_ANALYZER_NUMBER_OBJECT_CONVERSION = YES_AGGRESSIVE;
				CLANG_CXX_LANGUAGE_STANDARD = "gnu++20";
				CLANG_ENABLE_MODULES = YES;
				CLANG_ENABLE_OBJC_ARC = YES;
				CLANG_ENABLE_OBJC_WEAK = YES;
				CLANG_WARN_BLOCK_CAPTURE_AUTORELEASING = YES;
				CLANG_WARN_BOOL_CONVERSION = YES;
				CLANG_WARN_COMMA = YES;
				CLANG_WARN_CONSTANT_CONVERSION = YES;
				CLANG_WARN_DEPRECATED_OBJC_IMPLEMENTATIONS = YES;
				CLANG_WARN_DIRECT_OBJC_ISA_USAGE = YES_ERROR;
				CLANG_WARN_DOCUMENTATION_COMMENTS = YES;
				CLANG_WARN_EMPTY_BODY = YES;
				CLANG_WARN_ENUM_CONVERSION = YES;
				CLANG_WARN_INFINITE_RECURSION = YES;
				CLANG_WARN_INT_CONVERSION = YES;
				CLANG_WARN_NON_LITERAL_NULL_CONVERSION = YES;
				CLANG_WARN_OBJC_IMPLICIT_RETAIN_SELF = YES;
				CLANG_WARN_OBJC_LITERAL_CONVERSION = YES;
				CLANG_WARN_OBJC_ROOT_CLASS = YES_ERROR;
				CLANG_WARN_QUOTED_INCLUDE_IN_FRAMEWORK_HEADER = YES;
				CLANG_WARN_RANGE_LOOP_ANALYSIS = YES;
				CLANG_WARN_STRICT_PROTOTYPES = YES;
				CLANG_WARN_SUSPICIOUS_MOVE = YES;
				CLANG_WARN_UNGUARDED_AVAILABILITY = YES_AGGRESSIVE;
				CLANG_WARN_UNREACHABLE_CODE = YES;
				CLANG_WARN__DUPLICATE_METHOD_MATCH = YES;
				COPY_PHASE_STRIP = NO;
				DEBUG_INFORMATION_FORMAT = dwarf;
				ENABLE_STRICT_OBJC_MSGSEND = YES;
				ENABLE_TESTABILITY = YES;
				ENABLE_USER_SCRIPT_SANDBOXING = YES;
				GCC_C_LANGUAGE_STANDARD = gnu17;
				GCC_DYNAMIC_NO_PIC = NO;
				GCC_NO_COMMON_BLOCKS = YES;
				GCC_OPTIMIZATION_LEVEL = 0;
				GCC_PREPROCESSOR_DEFINITIONS = (
					"DEBUG=1",
					"$(inherited)",
				);
				GCC_WARN_64_TO_32_BIT_CONVERSION = YES;
				GCC_WARN_ABOUT_RETURN_TYPE = YES_ERROR;
				GCC_WARN_UNDECLARED_SELECTOR = YES;
				GCC_WARN_UNINITIALIZED_AUTOS = YES_AGGRESSIVE;
				GCC_WARN_UNUSED_FUNCTION = YES;
				GCC_WARN_UNUSED_VARIABLE = YES;
				LOCALIZATION_PREFERS_STRING_CATALOGS = YES;
				MTL_ENABLE_DEBUG_INFO = INCLUDE_SOURCE;
				MTL_FAST_MATH = YES;
				ONLY_ACTIVE_ARCH = YES;
				SWIFT_ACTIVE_COMPILATION_CONDITIONS = "DEBUG $(inherited)";
				SWIFT_OPTIMIZATION_LEVEL = "-Onone";
			};
			name = Debug;
		};
		C682AAF52B765B1A0052BE35 /* Release */ = {
			isa = XCBuildConfiguration;
			buildSettings = {
				ALWAYS_SEARCH_USER_PATHS = NO;
				ASSETCATALOG_COMPILER_GENERATE_SWIFT_ASSET_SYMBOL_EXTENSIONS = YES;
				CLANG_ANALYZER_NONNULL = YES;
				CLANG_ANALYZER_NUMBER_OBJECT_CONVERSION = YES_AGGRESSIVE;
				CLANG_CXX_LANGUAGE_STANDARD = "gnu++20";
				CLANG_ENABLE_MODULES = YES;
				CLANG_ENABLE_OBJC_ARC = YES;
				CLANG_ENABLE_OBJC_WEAK = YES;
				CLANG_WARN_BLOCK_CAPTURE_AUTORELEASING = YES;
				CLANG_WARN_BOOL_CONVERSION = YES;
				CLANG_WARN_COMMA = YES;
				CLANG_WARN_CONSTANT_CONVERSION = YES;
				CLANG_WARN_DEPRECATED_OBJC_IMPLEMENTATIONS = YES;
				CLANG_WARN_DIRECT_OBJC_ISA_USAGE = YES_ERROR;
				CLANG_WARN_DOCUMENTATION_COMMENTS = YES;
				CLANG_WARN_EMPTY_BODY = YES;
				CLANG_WARN_ENUM_CONVERSION = YES;
				CLANG_WARN_INFINITE_RECURSION = YES;
				CLANG_WARN_INT_CONVERSION = YES;
				CLANG_WARN_NON_LITERAL_NULL_CONVERSION = YES;
				CLANG_WARN_OBJC_IMPLICIT_RETAIN_SELF = YES;
				CLANG_WARN_OBJC_LITERAL_CONVERSION = YES;
				CLANG_WARN_OBJC_ROOT_CLASS = YES_ERROR;
				CLANG_WARN_QUOTED_INCLUDE_IN_FRAMEWORK_HEADER = YES;
				CLANG_WARN_RANGE_LOOP_ANALYSIS = YES;
				CLANG_WARN_STRICT_PROTOTYPES = YES;
				CLANG_WARN_SUSPICIOUS_MOVE = YES;
				CLANG_WARN_UNGUARDED_AVAILABILITY = YES_AGGRESSIVE;
				CLANG_WARN_UNREACHABLE_CODE = YES;
				CLANG_WARN__DUPLICATE_METHOD_MATCH = YES;
				COPY_PHASE_STRIP = NO;
				DEBUG_INFORMATION_FORMAT = "dwarf-with-dsym";
				ENABLE_NS_ASSERTIONS = NO;
				ENABLE_STRICT_OBJC_MSGSEND = YES;
				ENABLE_USER_SCRIPT_SANDBOXING = YES;
				GCC_C_LANGUAGE_STANDARD = gnu17;
				GCC_NO_COMMON_BLOCKS = YES;
				GCC_WARN_64_TO_32_BIT_CONVERSION = YES;
				GCC_WARN_ABOUT_RETURN_TYPE = YES_ERROR;
				GCC_WARN_UNDECLARED_SELECTOR = YES;
				GCC_WARN_UNINITIALIZED_AUTOS = YES_AGGRESSIVE;
				GCC_WARN_UNUSED_FUNCTION = YES;
				GCC_WARN_UNUSED_VARIABLE = YES;
				LOCALIZATION_PREFERS_STRING_CATALOGS = YES;
				MTL_ENABLE_DEBUG_INFO = NO;
				MTL_FAST_MATH = YES;
				SWIFT_COMPILATION_MODE = wholemodule;
			};
			name = Release;
		};
		C682AAF72B765B1A0052BE35 /* Debug */ = {
			isa = XCBuildConfiguration;
			buildSettings = {
				ASSETCATALOG_COMPILER_APPICON_NAME = AppIcon;
				ASSETCATALOG_COMPILER_GLOBAL_ACCENT_COLOR_NAME = AccentColor;
				CODE_SIGN_ENTITLEMENTS = SepsisCheck/SepsisCheck.entitlements;
				CODE_SIGN_STYLE = Automatic;
				CURRENT_PROJECT_VERSION = 1;
				DEVELOPMENT_ASSET_PATHS = "\"SepsisCheck/Preview Content\"";
				DEVELOPMENT_TEAM = 77ZZRSHL5Q;
				ENABLE_HARDENED_RUNTIME = YES;
				ENABLE_PREVIEWS = YES;
				GENERATE_INFOPLIST_FILE = YES;
				"INFOPLIST_KEY_UIApplicationSceneManifest_Generation[sdk=iphoneos*]" = YES;
				"INFOPLIST_KEY_UIApplicationSceneManifest_Generation[sdk=iphonesimulator*]" = YES;
				"INFOPLIST_KEY_UIApplicationSupportsIndirectInputEvents[sdk=iphoneos*]" = YES;
				"INFOPLIST_KEY_UIApplicationSupportsIndirectInputEvents[sdk=iphonesimulator*]" = YES;
				"INFOPLIST_KEY_UILaunchScreen_Generation[sdk=iphoneos*]" = YES;
				"INFOPLIST_KEY_UILaunchScreen_Generation[sdk=iphonesimulator*]" = YES;
				"INFOPLIST_KEY_UIStatusBarStyle[sdk=iphoneos*]" = UIStatusBarStyleDefault;
				"INFOPLIST_KEY_UIStatusBarStyle[sdk=iphonesimulator*]" = UIStatusBarStyleDefault;
				INFOPLIST_KEY_UISupportedInterfaceOrientations_iPad = "UIInterfaceOrientationPortrait UIInterfaceOrientationPortraitUpsideDown UIInterfaceOrientationLandscapeLeft UIInterfaceOrientationLandscapeRight";
				INFOPLIST_KEY_UISupportedInterfaceOrientations_iPhone = "UIInterfaceOrientationPortrait UIInterfaceOrientationLandscapeLeft UIInterfaceOrientationLandscapeRight";
				IPHONEOS_DEPLOYMENT_TARGET = 17.0;
				LD_RUNPATH_SEARCH_PATHS = "@executable_path/Frameworks";
				"LD_RUNPATH_SEARCH_PATHS[sdk=macosx*]" = "@executable_path/../Frameworks";
				MACOSX_DEPLOYMENT_TARGET = 14.0;
				MARKETING_VERSION = 1.0;
				PRODUCT_BUNDLE_IDENTIFIER = "Tahmid-Azam.SepsisCheck";
				PRODUCT_NAME = "$(TARGET_NAME)";
				SDKROOT = auto;
				SUPPORTED_PLATFORMS = "iphoneos iphonesimulator macosx";
				SWIFT_EMIT_LOC_STRINGS = YES;
				SWIFT_VERSION = 5.0;
				TARGETED_DEVICE_FAMILY = "1,2";
			};
			name = Debug;
		};
		C682AAF82B765B1A0052BE35 /* Release */ = {
			isa = XCBuildConfiguration;
			buildSettings = {
				ASSETCATALOG_COMPILER_APPICON_NAME = AppIcon;
				ASSETCATALOG_COMPILER_GLOBAL_ACCENT_COLOR_NAME = AccentColor;
				CODE_SIGN_ENTITLEMENTS = SepsisCheck/SepsisCheck.entitlements;
				CODE_SIGN_STYLE = Automatic;
				CURRENT_PROJECT_VERSION = 1;
				DEVELOPMENT_ASSET_PATHS = "\"SepsisCheck/Preview Content\"";
				DEVELOPMENT_TEAM = 77ZZRSHL5Q;
				ENABLE_HARDENED_RUNTIME = YES;
				ENABLE_PREVIEWS = YES;
				GENERATE_INFOPLIST_FILE = YES;
				"INFOPLIST_KEY_UIApplicationSceneManifest_Generation[sdk=iphoneos*]" = YES;
				"INFOPLIST_KEY_UIApplicationSceneManifest_Generation[sdk=iphonesimulator*]" = YES;
				"INFOPLIST_KEY_UIApplicationSupportsIndirectInputEvents[sdk=iphoneos*]" = YES;
				"INFOPLIST_KEY_UIApplicationSupportsIndirectInputEvents[sdk=iphonesimulator*]" = YES;
				"INFOPLIST_KEY_UILaunchScreen_Generation[sdk=iphoneos*]" = YES;
				"INFOPLIST_KEY_UILaunchScreen_Generation[sdk=iphonesimulator*]" = YES;
				"INFOPLIST_KEY_UIStatusBarStyle[sdk=iphoneos*]" = UIStatusBarStyleDefault;
				"INFOPLIST_KEY_UIStatusBarStyle[sdk=iphonesimulator*]" = UIStatusBarStyleDefault;
				INFOPLIST_KEY_UISupportedInterfaceOrientations_iPad = "UIInterfaceOrientationPortrait UIInterfaceOrientationPortraitUpsideDown UIInterfaceOrientationLandscapeLeft UIInterfaceOrientationLandscapeRight";
				INFOPLIST_KEY_UISupportedInterfaceOrientations_iPhone = "UIInterfaceOrientationPortrait UIInterfaceOrientationLandscapeLeft UIInterfaceOrientationLandscapeRight";
				IPHONEOS_DEPLOYMENT_TARGET = 17.0;
				LD_RUNPATH_SEARCH_PATHS = "@executable_path/Frameworks";
				"LD_RUNPATH_SEARCH_PATHS[sdk=macosx*]" = "@executable_path/../Frameworks";
				MACOSX_DEPLOYMENT_TARGET = 14.0;
				MARKETING_VERSION = 1.0;
				PRODUCT_BUNDLE_IDENTIFIER = "Tahmid-Azam.SepsisCheck";
				PRODUCT_NAME = "$(TARGET_NAME)";
				SDKROOT = auto;
				SUPPORTED_PLATFORMS = "iphoneos iphonesimulator macosx";
				SWIFT_EMIT_LOC_STRINGS = YES;
				SWIFT_VERSION = 5.0;
				TARGETED_DEVICE_FAMILY = "1,2";
			};
			name = Release;
		};
		C682AAFA2B765B1A0052BE35 /* Debug */ = {
			isa = XCBuildConfiguration;
			buildSettings = {
				ALWAYS_EMBED_SWIFT_STANDARD_LIBRARIES = YES;
				BUNDLE_LOADER = "$(TEST_HOST)";
				CODE_SIGN_STYLE = Automatic;
				CURRENT_PROJECT_VERSION = 1;
				DEVELOPMENT_TEAM = 77ZZRSHL5Q;
				GENERATE_INFOPLIST_FILE = YES;
				IPHONEOS_DEPLOYMENT_TARGET = 17.2;
				MACOSX_DEPLOYMENT_TARGET = 14.2;
				MARKETING_VERSION = 1.0;
				PRODUCT_BUNDLE_IDENTIFIER = "Tahmid-Azam.SepsisCheckTests";
				PRODUCT_NAME = "$(TARGET_NAME)";
				SDKROOT = auto;
				SUPPORTED_PLATFORMS = "iphoneos iphonesimulator macosx";
				SWIFT_EMIT_LOC_STRINGS = NO;
				SWIFT_VERSION = 5.0;
				TARGETED_DEVICE_FAMILY = "1,2";
				TEST_HOST = "$(BUILT_PRODUCTS_DIR)/SepsisCheck.app/$(BUNDLE_EXECUTABLE_FOLDER_PATH)/SepsisCheck";
			};
			name = Debug;
		};
		C682AAFB2B765B1A0052BE35 /* Release */ = {
			isa = XCBuildConfiguration;
			buildSettings = {
				ALWAYS_EMBED_SWIFT_STANDARD_LIBRARIES = YES;
				BUNDLE_LOADER = "$(TEST_HOST)";
				CODE_SIGN_STYLE = Automatic;
				CURRENT_PROJECT_VERSION = 1;
				DEVELOPMENT_TEAM = 77ZZRSHL5Q;
				GENERATE_INFOPLIST_FILE = YES;
				IPHONEOS_DEPLOYMENT_TARGET = 17.2;
				MACOSX_DEPLOYMENT_TARGET = 14.2;
				MARKETING_VERSION = 1.0;
				PRODUCT_BUNDLE_IDENTIFIER = "Tahmid-Azam.SepsisCheckTests";
				PRODUCT_NAME = "$(TARGET_NAME)";
				SDKROOT = auto;
				SUPPORTED_PLATFORMS = "iphoneos iphonesimulator macosx";
				SWIFT_EMIT_LOC_STRINGS = NO;
				SWIFT_VERSION = 5.0;
				TARGETED_DEVICE_FAMILY = "1,2";
				TEST_HOST = "$(BUILT_PRODUCTS_DIR)/SepsisCheck.app/$(BUNDLE_EXECUTABLE_FOLDER_PATH)/SepsisCheck";
			};
			name = Release;
		};
		C682AAFD2B765B1A0052BE35 /* Debug */ = {
			isa = XCBuildConfiguration;
			buildSettings = {
				ALWAYS_EMBED_SWIFT_STANDARD_LIBRARIES = YES;
				CODE_SIGN_STYLE = Automatic;
				CURRENT_PROJECT_VERSION = 1;
				DEVELOPMENT_TEAM = 77ZZRSHL5Q;
				GENERATE_INFOPLIST_FILE = YES;
				IPHONEOS_DEPLOYMENT_TARGET = 17.2;
				MACOSX_DEPLOYMENT_TARGET = 14.2;
				MARKETING_VERSION = 1.0;
				PRODUCT_BUNDLE_IDENTIFIER = "Tahmid-Azam.SepsisCheckUITests";
				PRODUCT_NAME = "$(TARGET_NAME)";
				SDKROOT = auto;
				SUPPORTED_PLATFORMS = "iphoneos iphonesimulator macosx";
				SWIFT_EMIT_LOC_STRINGS = NO;
				SWIFT_VERSION = 5.0;
				TARGETED_DEVICE_FAMILY = "1,2";
				TEST_TARGET_NAME = SepsisCheck;
			};
			name = Debug;
		};
		C682AAFE2B765B1A0052BE35 /* Release */ = {
			isa = XCBuildConfiguration;
			buildSettings = {
				ALWAYS_EMBED_SWIFT_STANDARD_LIBRARIES = YES;
				CODE_SIGN_STYLE = Automatic;
				CURRENT_PROJECT_VERSION = 1;
				DEVELOPMENT_TEAM = 77ZZRSHL5Q;
				GENERATE_INFOPLIST_FILE = YES;
				IPHONEOS_DEPLOYMENT_TARGET = 17.2;
				MACOSX_DEPLOYMENT_TARGET = 14.2;
				MARKETING_VERSION = 1.0;
				PRODUCT_BUNDLE_IDENTIFIER = "Tahmid-Azam.SepsisCheckUITests";
				PRODUCT_NAME = "$(TARGET_NAME)";
				SDKROOT = auto;
				SUPPORTED_PLATFORMS = "iphoneos iphonesimulator macosx";
				SWIFT_EMIT_LOC_STRINGS = NO;
				SWIFT_VERSION = 5.0;
				TARGETED_DEVICE_FAMILY = "1,2";
				TEST_TARGET_NAME = SepsisCheck;
			};
			name = Release;
		};
/* End XCBuildConfiguration section */

/* Begin XCConfigurationList section */
		C682AACA2B765B190052BE35 /* Build configuration list for PBXProject "SepsisCheck" */ = {
			isa = XCConfigurationList;
			buildConfigurations = (
				C682AAF42B765B1A0052BE35 /* Debug */,
				C682AAF52B765B1A0052BE35 /* Release */,
			);
			defaultConfigurationIsVisible = 0;
			defaultConfigurationName = Release;
		};
		C682AAF62B765B1A0052BE35 /* Build configuration list for PBXNativeTarget "SepsisCheck" */ = {
			isa = XCConfigurationList;
			buildConfigurations = (
				C682AAF72B765B1A0052BE35 /* Debug */,
				C682AAF82B765B1A0052BE35 /* Release */,
			);
			defaultConfigurationIsVisible = 0;
			defaultConfigurationName = Release;
		};
		C682AAF92B765B1A0052BE35 /* Build configuration list for PBXNativeTarget "SepsisCheckTests" */ = {
			isa = XCConfigurationList;
			buildConfigurations = (
				C682AAFA2B765B1A0052BE35 /* Debug */,
				C682AAFB2B765B1A0052BE35 /* Release */,
			);
			defaultConfigurationIsVisible = 0;
			defaultConfigurationName = Release;
		};
		C682AAFC2B765B1A0052BE35 /* Build configuration list for PBXNativeTarget "SepsisCheckUITests" */ = {
			isa = XCConfigurationList;
			buildConfigurations = (
				C682AAFD2B765B1A0052BE35 /* Debug */,
				C682AAFE2B765B1A0052BE35 /* Release */,
			);
			defaultConfigurationIsVisible = 0;
			defaultConfigurationName = Release;
		};
/* End XCConfigurationList section */
	};
	rootObject = C682AAC72B765B190052BE35 /* Project object */;
}
